
Microsoft Visual Studio Solution File, Format Version 12.00
# Visual Studio Version 16
VisualStudioVersion = 16.0.29728.190
MinimumVisualStudioVersion = 10.0.40219.1
Project("{FAE04EC0-301F-11D3-BF4B-00C04F79EFBC}") = "Shopcart", "Shopcart\Shopcart.csproj", "{53ED2D27-6FD9-4643-9F4F-DFF9155A570E}"
EndProject
Global
	GlobalSection(SolutionConfigurationPlatforms) = preSolution
		Debug|Any CPU = Debug|Any CPU
		Release|Any CPU = Release|Any CPU
	EndGlobalSection
	GlobalSection(ProjectConfigurationPlatforms) = postSolution
		{53ED2D27-6FD9-4643-9F4F-DFF9155A570E}.Debug|Any CPU.ActiveCfg = Debug|Any CPU
		{53ED2D27-6FD9-4643-9F4F-DFF9155A570E}.Debug|Any CPU.Build.0 = Debug|Any CPU
		{53ED2D27-6FD9-4643-9F4F-DFF9155A570E}.Release|Any CPU.ActiveCfg = Release|Any CPU
		{53ED2D27-6FD9-4643-9F4F-DFF9155A570E}.Release|Any CPU.Build.0 = Release|Any CPU
	EndGlobalSection
	GlobalSection(SolutionProperties) = preSolution
		HideSolutionNode = FALSE
	EndGlobalSection
	GlobalSection(ExtensibilityGlobals) = postSolution
		SolutionGuid = {8670FD04-A090-41AF-B19C-2C1CCA408EFE}
	EndGlobalSection
EndGlobal
